
Microsoft Visual Studio Solution File, Format Version 12.00
# Visual Studio Version 16
VisualStudioVersion = 16.0.31624.102
MinimumVisualStudioVersion = 10.0.40219.1
Project("{9A19103F-16F7-4668-BE54-9A1E7A4F7556}") = "AnalyticsNET", "AnalyticsNET\AnalyticsNET.csproj", "{CCB4EF5D-BF13-439F-A2A4-01FD8CF90C2A}"
EndProject
Project("{2150E333-8FDC-42A3-9474-1A3956D46DE8}") = "Samples", "Samples", "{2986B264-A86B-443D-AE7C-57DCDA63BD4A}"
EndProject
Project("{FAE04EC0-301F-11D3-BF4B-00C04F79EFBC}") = "AnalyticsNET.Sample.Winforms", "AnalyticsNET.Sample.Winforms\AnalyticsNET.Sample.Winforms.csproj", "{2892D2E8-FBD0-4146-9610-5058F442B802}"
EndProject
Global
	GlobalSection(SolutionConfigurationPlatforms) = preSolution
		Debug|Any CPU = Debug|Any CPU
		Release|Any CPU = Release|Any CPU
	EndGlobalSection
	GlobalSection(ProjectConfigurationPlatforms) = postSolution
		{CCB4EF5D-BF13-439F-A2A4-01FD8CF90C2A}.Debug|Any CPU.ActiveCfg = Debug|Any CPU
		{CCB4EF5D-BF13-439F-A2A4-01FD8CF90C2A}.Debug|Any CPU.Build.0 = Debug|Any CPU
		{CCB4EF5D-BF13-439F-A2A4-01FD8CF90C2A}.Release|Any CPU.ActiveCfg = Release|Any CPU
		{CCB4EF5D-BF13-439F-A2A4-01FD8CF90C2A}.Release|Any CPU.Build.0 = Release|Any CPU
		{2892D2E8-FBD0-4146-9610-5058F442B802}.Debug|Any CPU.ActiveCfg = Debug|Any CPU
		{2892D2E8-FBD0-4146-9610-5058F442B802}.Debug|Any CPU.Build.0 = Debug|Any CPU
		{2892D2E8-FBD0-4146-9610-5058F442B802}.Release|Any CPU.ActiveCfg = Release|Any CPU
		{2892D2E8-FBD0-4146-9610-5058F442B802}.Release|Any CPU.Build.0 = Release|Any CPU
	EndGlobalSection
	GlobalSection(SolutionProperties) = preSolution
		HideSolutionNode = FALSE
	EndGlobalSection
	GlobalSection(NestedProjects) = preSolution
		{2892D2E8-FBD0-4146-9610-5058F442B802} = {2986B264-A86B-443D-AE7C-57DCDA63BD4A}
	EndGlobalSection
	GlobalSection(ExtensibilityGlobals) = postSolution
		SolutionGuid = {2CB599E7-37DD-4ACE-94AB-C81693CB6450}
	EndGlobalSection
EndGlobal
