
Microsoft Visual Studio Solution File, Format Version 12.00
# Visual Studio Version 16
VisualStudioVersion = 16.0.31624.102
MinimumVisualStudioVersion = 10.0.40219.1
Project("{FAE04EC0-301F-11D3-BF4B-00C04F79EFBC}") = "AnalyticsNET", "AnalyticsNET\AnalyticsNET.csproj", "{CCB4EF5D-BF13-439F-A2A4-01FD8CF90C2A}"
EndProject
Global
	GlobalSection(SolutionConfigurationPlatforms) = preSolution
		Debug|Any CPU = Debug|Any CPU
		Release|Any CPU = Release|Any CPU
	EndGlobalSection
	GlobalSection(ProjectConfigurationPlatforms) = postSolution
		{CCB4EF5D-BF13-439F-A2A4-01FD8CF90C2A}.Debug|Any CPU.ActiveCfg = Debug|Any CPU
		{CCB4EF5D-BF13-439F-A2A4-01FD8CF90C2A}.Debug|Any CPU.Build.0 = Debug|Any CPU
		{CCB4EF5D-BF13-439F-A2A4-01FD8CF90C2A}.Release|Any CPU.ActiveCfg = Release|Any CPU
		{CCB4EF5D-BF13-439F-A2A4-01FD8CF90C2A}.Release|Any CPU.Build.0 = Release|Any CPU
	EndGlobalSection
	GlobalSection(SolutionProperties) = preSolution
		HideSolutionNode = FALSE
	EndGlobalSection
	GlobalSection(ExtensibilityGlobals) = postSolution
		SolutionGuid = {2CB599E7-37DD-4ACE-94AB-C81693CB6450}
	EndGlobalSection
EndGlobal
